
Microsoft Visual Studio Solution File, Format Version 12.00
# Visual Studio Version 16
VisualStudioVersion = 16.0.29609.76
MinimumVisualStudioVersion = 10.0.40219.1
Project("{FAE04EC0-301F-11D3-BF4B-00C04F79EFBC}") = "ProjectWaffles.Bot", "ProjectWaffles.Bot\ProjectWaffles.Bot.csproj", "{CCD4E0C2-F8B9-489E-BC6A-C3F90E37F476}"
EndProject
Global
	GlobalSection(SolutionConfigurationPlatforms) = preSolution
		Debug|Any CPU = Debug|Any CPU
		Release|Any CPU = Release|Any CPU
	EndGlobalSection
	GlobalSection(ProjectConfigurationPlatforms) = postSolution
		{CCD4E0C2-F8B9-489E-BC6A-C3F90E37F476}.Debug|Any CPU.ActiveCfg = Debug|Any CPU
		{CCD4E0C2-F8B9-489E-BC6A-C3F90E37F476}.Debug|Any CPU.Build.0 = Debug|Any CPU
		{CCD4E0C2-F8B9-489E-BC6A-C3F90E37F476}.Release|Any CPU.ActiveCfg = Release|Any CPU
		{CCD4E0C2-F8B9-489E-BC6A-C3F90E37F476}.Release|Any CPU.Build.0 = Release|Any CPU
	EndGlobalSection
	GlobalSection(SolutionProperties) = preSolution
		HideSolutionNode = FALSE
	EndGlobalSection
	GlobalSection(ExtensibilityGlobals) = postSolution
		SolutionGuid = {C67245AF-5274-4C4E-84EC-DD2B5FEF6A7C}
	EndGlobalSection
EndGlobal
